
Microsoft Visual Studio Solution File, Format Version 12.00
# Visual Studio Version 16
VisualStudioVersion = 16.0.30011.22
MinimumVisualStudioVersion = 10.0.40219.1
Project("{FAE04EC0-301F-11D3-BF4B-00C04F79EFBC}") = "2D Array - DS", "2D Array - DS\2D Array - DS.csproj", "{F905C857-A652-4045-9740-634E267F033A}"
EndProject
Global
	GlobalSection(SolutionConfigurationPlatforms) = preSolution
		Debug|Any CPU = Debug|Any CPU
		Release|Any CPU = Release|Any CPU
	EndGlobalSection
	GlobalSection(ProjectConfigurationPlatforms) = postSolution
		{F905C857-A652-4045-9740-634E267F033A}.Debug|Any CPU.ActiveCfg = Debug|Any CPU
		{F905C857-A652-4045-9740-634E267F033A}.Debug|Any CPU.Build.0 = Debug|Any CPU
		{F905C857-A652-4045-9740-634E267F033A}.Release|Any CPU.ActiveCfg = Release|Any CPU
		{F905C857-A652-4045-9740-634E267F033A}.Release|Any CPU.Build.0 = Release|Any CPU
	EndGlobalSection
	GlobalSection(SolutionProperties) = preSolution
		HideSolutionNode = FALSE
	EndGlobalSection
	GlobalSection(ExtensibilityGlobals) = postSolution
		SolutionGuid = {6F4FD9CC-199D-487C-AA10-A97B8BB0C2DD}
	EndGlobalSection
EndGlobal
