
Microsoft Visual Studio Solution File, Format Version 12.00
# Visual Studio Version 16
VisualStudioVersion = 16.0.29102.190
MinimumVisualStudioVersion = 10.0.40219.1
Project("{FAE04EC0-301F-11D3-BF4B-00C04F79EFBC}") = "Alternating Chars", "Alternating Chars\Alternating Chars.csproj", "{4FE4D6E0-BE2D-48A7-8FB8-442DAC12EF64}"
EndProject
Global
	GlobalSection(SolutionConfigurationPlatforms) = preSolution
		Debug|Any CPU = Debug|Any CPU
		Release|Any CPU = Release|Any CPU
	EndGlobalSection
	GlobalSection(ProjectConfigurationPlatforms) = postSolution
		{4FE4D6E0-BE2D-48A7-8FB8-442DAC12EF64}.Debug|Any CPU.ActiveCfg = Debug|Any CPU
		{4FE4D6E0-BE2D-48A7-8FB8-442DAC12EF64}.Debug|Any CPU.Build.0 = Debug|Any CPU
		{4FE4D6E0-BE2D-48A7-8FB8-442DAC12EF64}.Release|Any CPU.ActiveCfg = Release|Any CPU
		{4FE4D6E0-BE2D-48A7-8FB8-442DAC12EF64}.Release|Any CPU.Build.0 = Release|Any CPU
	EndGlobalSection
	GlobalSection(SolutionProperties) = preSolution
		HideSolutionNode = FALSE
	EndGlobalSection
	GlobalSection(ExtensibilityGlobals) = postSolution
		SolutionGuid = {31C2D2B0-56A1-488A-81AF-ED693CDF6ED0}
	EndGlobalSection
EndGlobal
