
Microsoft Visual Studio Solution File, Format Version 12.00
# Visual Studio Version 16
VisualStudioVersion = 16.0.30011.22
MinimumVisualStudioVersion = 10.0.40219.1
Project("{FAE04EC0-301F-11D3-BF4B-00C04F79EFBC}") = "Repeated String", "Repeated String\Repeated String.csproj", "{6B6BFC54-BAB4-4C3C-9753-FE86E8516F80}"
EndProject
Global
	GlobalSection(SolutionConfigurationPlatforms) = preSolution
		Debug|Any CPU = Debug|Any CPU
		Release|Any CPU = Release|Any CPU
	EndGlobalSection
	GlobalSection(ProjectConfigurationPlatforms) = postSolution
		{6B6BFC54-BAB4-4C3C-9753-FE86E8516F80}.Debug|Any CPU.ActiveCfg = Debug|Any CPU
		{6B6BFC54-BAB4-4C3C-9753-FE86E8516F80}.Debug|Any CPU.Build.0 = Debug|Any CPU
		{6B6BFC54-BAB4-4C3C-9753-FE86E8516F80}.Release|Any CPU.ActiveCfg = Release|Any CPU
		{6B6BFC54-BAB4-4C3C-9753-FE86E8516F80}.Release|Any CPU.Build.0 = Release|Any CPU
	EndGlobalSection
	GlobalSection(SolutionProperties) = preSolution
		HideSolutionNode = FALSE
	EndGlobalSection
	GlobalSection(ExtensibilityGlobals) = postSolution
		SolutionGuid = {414CFE88-C07D-41DF-BC93-E52C71D785F7}
	EndGlobalSection
EndGlobal
